
Microsoft Visual Studio Solution File, Format Version 12.00
# Visual Studio 15
VisualStudioVersion = 15.0.27004.2002
MinimumVisualStudioVersion = 10.0.40219.1
Project("{FAE04EC0-301F-11D3-BF4B-00C04F79EFBC}") = "Josefina", "Josefina\Josefina.csproj", "{E4ED59B0-D1C3-4C04-8A4E-90D5057D53DD}"
EndProject
Global
	GlobalSection(SolutionConfigurationPlatforms) = preSolution
		Debug|Any CPU = Debug|Any CPU
		Release|Any CPU = Release|Any CPU
	EndGlobalSection
	GlobalSection(ProjectConfigurationPlatforms) = postSolution
		{E4ED59B0-D1C3-4C04-8A4E-90D5057D53DD}.Debug|Any CPU.ActiveCfg = Debug|Any CPU
		{E4ED59B0-D1C3-4C04-8A4E-90D5057D53DD}.Debug|Any CPU.Build.0 = Debug|Any CPU
		{E4ED59B0-D1C3-4C04-8A4E-90D5057D53DD}.Release|Any CPU.ActiveCfg = Release|Any CPU
		{E4ED59B0-D1C3-4C04-8A4E-90D5057D53DD}.Release|Any CPU.Build.0 = Release|Any CPU
	EndGlobalSection
	GlobalSection(SolutionProperties) = preSolution
		HideSolutionNode = FALSE
	EndGlobalSection
	GlobalSection(ExtensibilityGlobals) = postSolution
		SolutionGuid = {C6FAE00F-080E-4C3E-91EA-4F1D38C6B183}
	EndGlobalSection
EndGlobal
